
Microsoft Visual Studio Solution File, Format Version 12.00
# Visual Studio Version 17
VisualStudioVersion = 17.14.36414.22 d17.14
MinimumVisualStudioVersion = 10.0.40219.1
Project("{FAE04EC0-301F-11D3-BF4B-00C04F79EFBC}") = "Presentation", "Presentation\Presentation.csproj", "{519FB86D-A26F-4E77-93A0-0D1178077C66}"
EndProject
Project("{FAE04EC0-301F-11D3-BF4B-00C04F79EFBC}") = "Domain", "Domain\Domain.csproj", "{D3EC6615-B18B-45A9-996A-342C55670D0B}"
EndProject
Project("{FAE04EC0-301F-11D3-BF4B-00C04F79EFBC}") = "Infrastructure", "Infrastructure\Infrastructure.csproj", "{4BE72D2A-7E39-4610-8785-27145BF167BB}"
EndProject
Project("{2150E333-8FDC-42A3-9474-1A3956D46DE8}") = "src", "src", "{02EA681E-C7D8-13C7-8484-4AC65E1B71E8}"
EndProject
Project("{2150E333-8FDC-42A3-9474-1A3956D46DE8}") = "Tests", "Tests", "{130A4B6C-DD2E-496D-8D14-E2E0A37E7D90}"
EndProject
Project("{2150E333-8FDC-42A3-9474-1A3956D46DE8}") = "Solution Items", "Solution Items", "{5C8DA0C2-55FB-4BEC-8834-9674BB768E83}"
EndProject
Global
	GlobalSection(SolutionConfigurationPlatforms) = preSolution
		Debug|Any CPU = Debug|Any CPU
		Release|Any CPU = Release|Any CPU
	EndGlobalSection
	GlobalSection(ProjectConfigurationPlatforms) = postSolution
		{519FB86D-A26F-4E77-93A0-0D1178077C66}.Debug|Any CPU.ActiveCfg = Debug|Any CPU
		{519FB86D-A26F-4E77-93A0-0D1178077C66}.Debug|Any CPU.Build.0 = Debug|Any CPU
		{519FB86D-A26F-4E77-93A0-0D1178077C66}.Release|Any CPU.ActiveCfg = Release|Any CPU
		{519FB86D-A26F-4E77-93A0-0D1178077C66}.Release|Any CPU.Build.0 = Release|Any CPU
		{D3EC6615-B18B-45A9-996A-342C55670D0B}.Debug|Any CPU.ActiveCfg = Debug|Any CPU
		{D3EC6615-B18B-45A9-996A-342C55670D0B}.Debug|Any CPU.Build.0 = Debug|Any CPU
		{D3EC6615-B18B-45A9-996A-342C55670D0B}.Release|Any CPU.ActiveCfg = Release|Any CPU
		{D3EC6615-B18B-45A9-996A-342C55670D0B}.Release|Any CPU.Build.0 = Release|Any CPU
		{4BE72D2A-7E39-4610-8785-27145BF167BB}.Debug|Any CPU.ActiveCfg = Debug|Any CPU
		{4BE72D2A-7E39-4610-8785-27145BF167BB}.Debug|Any CPU.Build.0 = Debug|Any CPU
		{4BE72D2A-7E39-4610-8785-27145BF167BB}.Release|Any CPU.ActiveCfg = Release|Any CPU
		{4BE72D2A-7E39-4610-8785-27145BF167BB}.Release|Any CPU.Build.0 = Release|Any CPU
	EndGlobalSection
	GlobalSection(SolutionProperties) = preSolution
		HideSolutionNode = FALSE
	EndGlobalSection
	GlobalSection(NestedProjects) = preSolution
		{519FB86D-A26F-4E77-93A0-0D1178077C66} = {02EA681E-C7D8-13C7-8484-4AC65E1B71E8}
		{D3EC6615-B18B-45A9-996A-342C55670D0B} = {02EA681E-C7D8-13C7-8484-4AC65E1B71E8}
		{4BE72D2A-7E39-4610-8785-27145BF167BB} = {02EA681E-C7D8-13C7-8484-4AC65E1B71E8}
	EndGlobalSection
	GlobalSection(ExtensibilityGlobals) = postSolution
		SolutionGuid = {344CEA18-8442-4B98-8889-A58799364D16}
	EndGlobalSection
EndGlobal
